
Microsoft Visual Studio Solution File, Format Version 12.00
# Visual Studio Version 16
VisualStudioVersion = 16.0.31702.278
MinimumVisualStudioVersion = 10.0.40219.1
Project("{FAE04EC0-301F-11D3-BF4B-00C04F79EFBC}") = "CzechDame", "CzechDame\CzechDame.csproj", "{95C24646-A6BB-490A-9FD5-46449AC47740}"
EndProject
Global
	GlobalSection(SolutionConfigurationPlatforms) = preSolution
		Debug|Any CPU = Debug|Any CPU
		Release|Any CPU = Release|Any CPU
	EndGlobalSection
	GlobalSection(ProjectConfigurationPlatforms) = postSolution
		{95C24646-A6BB-490A-9FD5-46449AC47740}.Debug|Any CPU.ActiveCfg = Debug|Any CPU
		{95C24646-A6BB-490A-9FD5-46449AC47740}.Debug|Any CPU.Build.0 = Debug|Any CPU
		{95C24646-A6BB-490A-9FD5-46449AC47740}.Release|Any CPU.ActiveCfg = Release|Any CPU
		{95C24646-A6BB-490A-9FD5-46449AC47740}.Release|Any CPU.Build.0 = Release|Any CPU
	EndGlobalSection
	GlobalSection(SolutionProperties) = preSolution
		HideSolutionNode = FALSE
	EndGlobalSection
	GlobalSection(ExtensibilityGlobals) = postSolution
		SolutionGuid = {9604D121-0B8A-476D-AD84-01A841F69D4D}
	EndGlobalSection
EndGlobal
